
Microsoft Visual Studio Solution File, Format Version 12.00
# Visual Studio 15
VisualStudioVersion = 15.0.26730.10
MinimumVisualStudioVersion = 10.0.40219.1
Project("{FAE04EC0-301F-11D3-BF4B-00C04F79EFBC}") = "ConsoleApp", "ConsoleApp\ConsoleApp.csproj", "{4A3DE0B8-B5B4-46CA-85DF-3B0F1E90F8EE}"
EndProject
Global
	GlobalSection(SolutionConfigurationPlatforms) = preSolution
		Debug|Any CPU = Debug|Any CPU
		Release|Any CPU = Release|Any CPU
	EndGlobalSection
	GlobalSection(ProjectConfigurationPlatforms) = postSolution
		{4A3DE0B8-B5B4-46CA-85DF-3B0F1E90F8EE}.Debug|Any CPU.ActiveCfg = Debug|Any CPU
		{4A3DE0B8-B5B4-46CA-85DF-3B0F1E90F8EE}.Debug|Any CPU.Build.0 = Debug|Any CPU
		{4A3DE0B8-B5B4-46CA-85DF-3B0F1E90F8EE}.Release|Any CPU.ActiveCfg = Release|Any CPU
		{4A3DE0B8-B5B4-46CA-85DF-3B0F1E90F8EE}.Release|Any CPU.Build.0 = Release|Any CPU
	EndGlobalSection
	GlobalSection(SolutionProperties) = preSolution
		HideSolutionNode = FALSE
	EndGlobalSection
	GlobalSection(ExtensibilityGlobals) = postSolution
		SolutionGuid = {7873E3EF-4DFA-4870-B25A-18FD9DC42DE3}
	EndGlobalSection
EndGlobal
